
Microsoft Visual Studio Solution File, Format Version 12.00
# Visual Studio Version 16
VisualStudioVersion = 16.0.30621.155
MinimumVisualStudioVersion = 10.0.40219.1
Project("{FAE04EC0-301F-11D3-BF4B-00C04F79EFBC}") = "ConfigurationWebShopDemo", "ConfigurationWebShopDemo\ConfigurationWebShopDemo.csproj", "{62B24890-2A11-42F9-9CFF-39E5A10BA977}"
EndProject
Global
	GlobalSection(SolutionConfigurationPlatforms) = preSolution
		Debug|Any CPU = Debug|Any CPU
		Release|Any CPU = Release|Any CPU
	EndGlobalSection
	GlobalSection(ProjectConfigurationPlatforms) = postSolution
		{62B24890-2A11-42F9-9CFF-39E5A10BA977}.Debug|Any CPU.ActiveCfg = Debug|Any CPU
		{62B24890-2A11-42F9-9CFF-39E5A10BA977}.Debug|Any CPU.Build.0 = Debug|Any CPU
		{62B24890-2A11-42F9-9CFF-39E5A10BA977}.Release|Any CPU.ActiveCfg = Release|Any CPU
		{62B24890-2A11-42F9-9CFF-39E5A10BA977}.Release|Any CPU.Build.0 = Release|Any CPU
	EndGlobalSection
	GlobalSection(SolutionProperties) = preSolution
		HideSolutionNode = FALSE
	EndGlobalSection
	GlobalSection(ExtensibilityGlobals) = postSolution
		SolutionGuid = {6378BE4F-894D-4CF8-B5DC-753E8A9D0CE3}
	EndGlobalSection
EndGlobal
